// !$*UTF8*$!
{
	archiveVersion = 1;
	classes = {
	};
	objectVersion = 46;
	objects = {

/* Begin PBXBuildFile section */
		AB173B551F2B22750015AC7B /* main.m in Sources */ = {isa = PBXBuildFile; fileRef = AB173B541F2B22750015AC7B /* main.m */; };
		AB173B581F2B22750015AC7B /* AppDelegate.m in Sources */ = {isa = PBXBuildFile; fileRef = AB173B571F2B22750015AC7B /* AppDelegate.m */; };
		AB173B5B1F2B22750015AC7B /* ViewController.m in Sources */ = {isa = PBXBuildFile; fileRef = AB173B5A1F2B22750015AC7B /* ViewController.m */; };
		AB173B5E1F2B22760015AC7B /* Main.storyboard in Resources */ = {isa = PBXBuildFile; fileRef = AB173B5C1F2B22760015AC7B /* Main.storyboard */; };
		AB173B601F2B22760015AC7B /* Assets.xcassets in Resources */ = {isa = PBXBuildFile; fileRef = AB173B5F1F2B22760015AC7B /* Assets.xcassets */; };
		AB173B631F2B22760015AC7B /* LaunchScreen.storyboard in Resources */ = {isa = PBXBuildFile; fileRef = AB173B611F2B22760015AC7B /* LaunchScreen.storyboard */; };
		AB173B6E1F2B22760015AC7B /* AVPlayerDemoTests.m in Sources */ = {isa = PBXBuildFile; fileRef = AB173B6D1F2B22760015AC7B /* AVPlayerDemoTests.m */; };
		AB173B791F2B22760015AC7B /* AVPlayerDemoUITests.m in Sources */ = {isa = PBXBuildFile; fileRef = AB173B781F2B22760015AC7B /* AVPlayerDemoUITests.m */; };
		AB173B881F2B22D40015AC7B /* AVViewController.m in Sources */ = {isa = PBXBuildFile; fileRef = AB173B871F2B22D40015AC7B /* AVViewController.m */; };
		AB173B8B1F2B23140015AC7B /* VideoView.m in Sources */ = {isa = PBXBuildFile; fileRef = AB173B8A1F2B23140015AC7B /* VideoView.m */; };
		AB173B8E1F2B239E0015AC7B /* MySlider.m in Sources */ = {isa = PBXBuildFile; fileRef = AB173B8D1F2B239E0015AC7B /* MySlider.m */; };
		AB173B921F2B23AE0015AC7B /* playSmall.png in Resources */ = {isa = PBXBuildFile; fileRef = AB173B8F1F2B23AE0015AC7B /* playSmall.png */; };
		AB173B931F2B23AE0015AC7B /* slider_icon.png in Resources */ = {isa = PBXBuildFile; fileRef = AB173B901F2B23AE0015AC7B /* slider_icon.png */; };
		AB173B941F2B23AE0015AC7B /* stopSmall.png in Resources */ = {isa = PBXBuildFile; fileRef = AB173B911F2B23AE0015AC7B /* stopSmall.png */; };
/* End PBXBuildFile section */

/* Begin PBXContainerItemProxy section */
		AB173B6A1F2B22760015AC7B /* PBXContainerItemProxy */ = {
			isa = PBXContainerItemProxy;
			containerPortal = AB173B481F2B22750015AC7B /* Project object */;
			proxyType = 1;
			remoteGlobalIDString = AB173B4F1F2B22750015AC7B;
			remoteInfo = AVPlayerDemo;
		};
		AB173B751F2B22760015AC7B /* PBXContainerItemProxy */ = {
			isa = PBXContainerItemProxy;
			containerPortal = AB173B481F2B22750015AC7B /* Project object */;
			proxyType = 1;
			remoteGlobalIDString = AB173B4F1F2B22750015AC7B;
			remoteInfo = AVPlayerDemo;
		};
/* End PBXContainerItemProxy section */

/* Begin PBXFileReference section */
		AB173B501F2B22750015AC7B /* AVPlayerDemo.app */ = {isa = PBXFileReference; explicitFileType = wrapper.application; includeInIndex = 0; path = AVPlayerDemo.app; sourceTree = BUILT_PRODUCTS_DIR; };
		AB173B541F2B22750015AC7B /* main.m */ = {isa = PBXFileReference; lastKnownFileType = sourcecode.c.objc; path = main.m; sourceTree = "<group>"; };
		AB173B561F2B22750015AC7B /* AppDelegate.h */ = {isa = PBXFileReference; lastKnownFileType = sourcecode.c.h; path = AppDelegate.h; sourceTree = "<group>"; };
		AB173B571F2B22750015AC7B /* AppDelegate.m */ = {isa = PBXFileReference; lastKnownFileType = sourcecode.c.objc; path = AppDelegate.m; sourceTree = "<group>"; };
		AB173B591F2B22750015AC7B /* ViewController.h */ = {isa = PBXFileReference; lastKnownFileType = sourcecode.c.h; path = ViewController.h; sourceTree = "<group>"; };
		AB173B5A1F2B22750015AC7B /* ViewController.m */ = {isa = PBXFileReference; lastKnownFileType = sourcecode.c.objc; path = ViewController.m; sourceTree = "<group>"; };
		AB173B5D1F2B22760015AC7B /* Base */ = {isa = PBXFileReference; lastKnownFileType = file.storyboard; name = Base; path = Base.lproj/Main.storyboard; sourceTree = "<group>"; };
		AB173B5F1F2B22760015AC7B /* Assets.xcassets */ = {isa = PBXFileReference; lastKnownFileType = folder.assetcatalog; path = Assets.xcassets; sourceTree = "<group>"; };
		AB173B621F2B22760015AC7B /* Base */ = {isa = PBXFileReference; lastKnownFileType = file.storyboard; name = Base; path = Base.lproj/LaunchScreen.storyboard; sourceTree = "<group>"; };
		AB173B641F2B22760015AC7B /* Info.plist */ = {isa = PBXFileReference; lastKnownFileType = text.plist.xml; path = Info.plist; sourceTree = "<group>"; };
		AB173B691F2B22760015AC7B /* AVPlayerDemoTests.xctest */ = {isa = PBXFileReference; explicitFileType = wrapper.cfbundle; includeInIndex = 0; path = AVPlayerDemoTests.xctest; sourceTree = BUILT_PRODUCTS_DIR; };
		AB173B6D1F2B22760015AC7B /* AVPlayerDemoTests.m */ = {isa = PBXFileReference; lastKnownFileType = sourcecode.c.objc; path = AVPlayerDemoTests.m; sourceTree = "<group>"; };
		AB173B6F1F2B22760015AC7B /* Info.plist */ = {isa = PBXFileReference; lastKnownFileType = text.plist.xml; path = Info.plist; sourceTree = "<group>"; };
		AB173B741F2B22760015AC7B /* AVPlayerDemoUITests.xctest */ = {isa = PBXFileReference; explicitFileType = wrapper.cfbundle; includeInIndex = 0; path = AVPlayerDemoUITests.xctest; sourceTree = BUILT_PRODUCTS_DIR; };
		AB173B781F2B22760015AC7B /* AVPlayerDemoUITests.m */ = {isa = PBXFileReference; lastKnownFileType = sourcecode.c.objc; path = AVPlayerDemoUITests.m; sourceTree = "<group>"; };
		AB173B7A1F2B22760015AC7B /* Info.plist */ = {isa = PBXFileReference; lastKnownFileType = text.plist.xml; path = Info.plist; sourceTree = "<group>"; };
		AB173B861F2B22D40015AC7B /* AVViewController.h */ = {isa = PBXFileReference; fileEncoding = 4; lastKnownFileType = sourcecode.c.h; path = AVViewController.h; sourceTree = "<group>"; };
		AB173B871F2B22D40015AC7B /* AVViewController.m */ = {isa = PBXFileReference; fileEncoding = 4; lastKnownFileType = sourcecode.c.objc; path = AVViewController.m; sourceTree = "<group>"; };
		AB173B891F2B23140015AC7B /* VideoView.h */ = {isa = PBXFileReference; fileEncoding = 4; lastKnownFileType = sourcecode.c.h; path = VideoView.h; sourceTree = "<group>"; };
		AB173B8A1F2B23140015AC7B /* VideoView.m */ = {isa = PBXFileReference; fileEncoding = 4; lastKnownFileType = sourcecode.c.objc; path = VideoView.m; sourceTree = "<group>"; };
		AB173B8C1F2B239E0015AC7B /* MySlider.h */ = {isa = PBXFileReference; fileEncoding = 4; lastKnownFileType = sourcecode.c.h; path = MySlider.h; sourceTree = "<group>"; };
		AB173B8D1F2B239E0015AC7B /* MySlider.m */ = {isa = PBXFileReference; fileEncoding = 4; lastKnownFileType = sourcecode.c.objc; path = MySlider.m; sourceTree = "<group>"; };
		AB173B8F1F2B23AE0015AC7B /* playSmall.png */ = {isa = PBXFileReference; lastKnownFileType = image.png; path = playSmall.png; sourceTree = "<group>"; };
		AB173B901F2B23AE0015AC7B /* slider_icon.png */ = {isa = PBXFileReference; lastKnownFileType = image.png; path = slider_icon.png; sourceTree = "<group>"; };
		AB173B911F2B23AE0015AC7B /* stopSmall.png */ = {isa = PBXFileReference; lastKnownFileType = image.png; path = stopSmall.png; sourceTree = "<group>"; };
/* End PBXFileReference section */

/* Begin PBXFrameworksBuildPhase section */
		AB173B4D1F2B22750015AC7B /* Frameworks */ = {
			isa = PBXFrameworksBuildPhase;
			buildActionMask = 2147483647;
			files = (
			);
			runOnlyForDeploymentPostprocessing = 0;
		};
		AB173B661F2B22760015AC7B /* Frameworks */ = {
			isa = PBXFrameworksBuildPhase;
			buildActionMask = 2147483647;
			files = (
			);
			runOnlyForDeploymentPostprocessing = 0;
		};
		AB173B711F2B22760015AC7B /* Frameworks */ = {
			isa = PBXFrameworksBuildPhase;
			buildActionMask = 2147483647;
			files = (
			);
			runOnlyForDeploymentPostprocessing = 0;
		};
/* End PBXFrameworksBuildPhase section */

/* Begin PBXGroup section */
		AB173B471F2B22750015AC7B = {
			isa = PBXGroup;
			children = (
				AB173B521F2B22750015AC7B /* AVPlayerDemo */,
				AB173B6C1F2B22760015AC7B /* AVPlayerDemoTests */,
				AB173B771F2B22760015AC7B /* AVPlayerDemoUITests */,
				AB173B511F2B22750015AC7B /* Products */,
			);
			sourceTree = "<group>";
		};
		AB173B511F2B22750015AC7B /* Products */ = {
			isa = PBXGroup;
			children = (
				AB173B501F2B22750015AC7B /* AVPlayerDemo.app */,
				AB173B691F2B22760015AC7B /* AVPlayerDemoTests.xctest */,
				AB173B741F2B22760015AC7B /* AVPlayerDemoUITests.xctest */,
			);
			name = Products;
			sourceTree = "<group>";
		};
		AB173B521F2B22750015AC7B /* AVPlayerDemo */ = {
			isa = PBXGroup;
			children = (
				AB173B561F2B22750015AC7B /* AppDelegate.h */,
				AB173B571F2B22750015AC7B /* AppDelegate.m */,
				AB173B591F2B22750015AC7B /* ViewController.h */,
				AB173B5A1F2B22750015AC7B /* ViewController.m */,
				AB173B861F2B22D40015AC7B /* AVViewController.h */,
				AB173B871F2B22D40015AC7B /* AVViewController.m */,
				AB173B891F2B23140015AC7B /* VideoView.h */,
				AB173B8A1F2B23140015AC7B /* VideoView.m */,
				AB173B8C1F2B239E0015AC7B /* MySlider.h */,
				AB173B8D1F2B239E0015AC7B /* MySlider.m */,
				AB173B8F1F2B23AE0015AC7B /* playSmall.png */,
				AB173B901F2B23AE0015AC7B /* slider_icon.png */,
				AB173B911F2B23AE0015AC7B /* stopSmall.png */,
				AB173B5C1F2B22760015AC7B /* Main.storyboard */,
				AB173B5F1F2B22760015AC7B /* Assets.xcassets */,
				AB173B611F2B22760015AC7B /* LaunchScreen.storyboard */,
				AB173B641F2B22760015AC7B /* Info.plist */,
				AB173B531F2B22750015AC7B /* Supporting Files */,
			);
			path = AVPlayerDemo;
			sourceTree = "<group>";
		};
		AB173B531F2B22750015AC7B /* Supporting Files */ = {
			isa = PBXGroup;
			children = (
				AB173B541F2B22750015AC7B /* main.m */,
			);
			name = "Supporting Files";
			sourceTree = "<group>";
		};
		AB173B6C1F2B22760015AC7B /* AVPlayerDemoTests */ = {
			isa = PBXGroup;
			children = (
				AB173B6D1F2B22760015AC7B /* AVPlayerDemoTests.m */,
				AB173B6F1F2B22760015AC7B /* Info.plist */,
			);
			path = AVPlayerDemoTests;
			sourceTree = "<group>";
		};
		AB173B771F2B22760015AC7B /* AVPlayerDemoUITests */ = {
			isa = PBXGroup;
			children = (
				AB173B781F2B22760015AC7B /* AVPlayerDemoUITests.m */,
				AB173B7A1F2B22760015AC7B /* Info.plist */,
			);
			path = AVPlayerDemoUITests;
			sourceTree = "<group>";
		};
/* End PBXGroup section */

/* Begin PBXNativeTarget section */
		AB173B4F1F2B22750015AC7B /* AVPlayerDemo */ = {
			isa = PBXNativeTarget;
			buildConfigurationList = AB173B7D1F2B22760015AC7B /* Build configuration list for PBXNativeTarget "AVPlayerDemo" */;
			buildPhases = (
				AB173B4C1F2B22750015AC7B /* Sources */,
				AB173B4D1F2B22750015AC7B /* Frameworks */,
				AB173B4E1F2B22750015AC7B /* Resources */,
			);
			buildRules = (
			);
			dependencies = (
			);
			name = AVPlayerDemo;
			productName = AVPlayerDemo;
			productReference = AB173B501F2B22750015AC7B /* AVPlayerDemo.app */;
			productType = "com.apple.product-type.application";
		};
		AB173B681F2B22760015AC7B /* AVPlayerDemoTests */ = {
			isa = PBXNativeTarget;
			buildConfigurationList = AB173B801F2B22760015AC7B /* Build configuration list for PBXNativeTarget "AVPlayerDemoTests" */;
			buildPhases = (
				AB173B651F2B22760015AC7B /* Sources */,
				AB173B661F2B22760015AC7B /* Frameworks */,
				AB173B671F2B22760015AC7B /* Resources */,
			);
			buildRules = (
			);
			dependencies = (
				AB173B6B1F2B22760015AC7B /* PBXTargetDependency */,
			);
			name = AVPlayerDemoTests;
			productName = AVPlayerDemoTests;
			productReference = AB173B691F2B22760015AC7B /* AVPlayerDemoTests.xctest */;
			productType = "com.apple.product-type.bundle.unit-test";
		};
		AB173B731F2B22760015AC7B /* AVPlayerDemoUITests */ = {
			isa = PBXNativeTarget;
			buildConfigurationList = AB173B831F2B22760015AC7B /* Build configuration list for PBXNativeTarget "AVPlayerDemoUITests" */;
			buildPhases = (
				AB173B701F2B22760015AC7B /* Sources */,
				AB173B711F2B22760015AC7B /* Frameworks */,
				AB173B721F2B22760015AC7B /* Resources */,
			);
			buildRules = (
			);
			dependencies = (
				AB173B761F2B22760015AC7B /* PBXTargetDependency */,
			);
			name = AVPlayerDemoUITests;
			productName = AVPlayerDemoUITests;
			productReference = AB173B741F2B22760015AC7B /* AVPlayerDemoUITests.xctest */;
			productType = "com.apple.product-type.bundle.ui-testing";
		};
/* End PBXNativeTarget section */

/* Begin PBXProject section */
		AB173B481F2B22750015AC7B /* Project object */ = {
			isa = PBXProject;
			attributes = {
				LastUpgradeCheck = 0810;
				ORGANIZATIONNAME = lizhongfei;
				TargetAttributes = {
					AB173B4F1F2B22750015AC7B = {
						CreatedOnToolsVersion = 8.1;
						DevelopmentTeam = D8CRHWZGZ3;
						ProvisioningStyle = Automatic;
					};
					AB173B681F2B22760015AC7B = {
						CreatedOnToolsVersion = 8.1;
						DevelopmentTeam = D8CRHWZGZ3;
						ProvisioningStyle = Automatic;
						TestTargetID = AB173B4F1F2B22750015AC7B;
					};
					AB173B731F2B22760015AC7B = {
						CreatedOnToolsVersion = 8.1;
						DevelopmentTeam = D8CRHWZGZ3;
						ProvisioningStyle = Automatic;
						TestTargetID = AB173B4F1F2B22750015AC7B;
					};
				};
			};
			buildConfigurationList = AB173B4B1F2B22750015AC7B /* Build configuration list for PBXProject "AVPlayerDemo" */;
			compatibilityVersion = "Xcode 3.2";
			developmentRegion = English;
			hasScannedForEncodings = 0;
			knownRegions = (
				en,
				Base,
			);
			mainGroup = AB173B471F2B22750015AC7B;
			productRefGroup = AB173B511F2B22750015AC7B /* Products */;
			projectDirPath = "";
			projectRoot = "";
			targets = (
				AB173B4F1F2B22750015AC7B /* AVPlayerDemo */,
				AB173B681F2B22760015AC7B /* AVPlayerDemoTests */,
				AB173B731F2B22760015AC7B /* AVPlayerDemoUITests */,
			);
		};
/* End PBXProject section */

/* Begin PBXResourcesBuildPhase section */
		AB173B4E1F2B22750015AC7B /* Resources */ = {
			isa = PBXResourcesBuildPhase;
			buildActionMask = 2147483647;
			files = (
				AB173B631F2B22760015AC7B /* LaunchScreen.storyboard in Resources */,
				AB173B931F2B23AE0015AC7B /* slider_icon.png in Resources */,
				AB173B601F2B22760015AC7B /* Assets.xcassets in Resources */,
				AB173B941F2B23AE0015AC7B /* stopSmall.png in Resources */,
				AB173B5E1F2B22760015AC7B /* Main.storyboard in Resources */,
				AB173B921F2B23AE0015AC7B /* playSmall.png in Resources */,
			);
			runOnlyForDeploymentPostprocessing = 0;
		};
		AB173B671F2B22760015AC7B /* Resources */ = {
			isa = PBXResourcesBuildPhase;
			buildActionMask = 2147483647;
			files = (
			);
			runOnlyForDeploymentPostprocessing = 0;
		};
		AB173B721F2B22760015AC7B /* Resources */ = {
			isa = PBXResourcesBuildPhase;
			buildActionMask = 2147483647;
			files = (
			);
			runOnlyForDeploymentPostprocessing = 0;
		};
/* End PBXResourcesBuildPhase section */

/* Begin PBXSourcesBuildPhase section */
		AB173B4C1F2B22750015AC7B /* Sources */ = {
			isa = PBXSourcesBuildPhase;
			buildActionMask = 2147483647;
			files = (
				AB173B5B1F2B22750015AC7B /* ViewController.m in Sources */,
				AB173B8B1F2B23140015AC7B /* VideoView.m in Sources */,
				AB173B8E1F2B239E0015AC7B /* MySlider.m in Sources */,
				AB173B581F2B22750015AC7B /* AppDelegate.m in Sources */,
				AB173B551F2B22750015AC7B /* main.m in Sources */,
				AB173B881F2B22D40015AC7B /* AVViewController.m in Sources */,
			);
			runOnlyForDeploymentPostprocessing = 0;
		};
		AB173B651F2B22760015AC7B /* Sources */ = {
			isa = PBXSourcesBuildPhase;
			buildActionMask = 2147483647;
			files = (
				AB173B6E1F2B22760015AC7B /* AVPlayerDemoTests.m in Sources */,
			);
			runOnlyForDeploymentPostprocessing = 0;
		};
		AB173B701F2B22760015AC7B /* Sources */ = {
			isa = PBXSourcesBuildPhase;
			buildActionMask = 2147483647;
			files = (
				AB173B791F2B22760015AC7B /* AVPlayerDemoUITests.m in Sources */,
			);
			runOnlyForDeploymentPostprocessing = 0;
		};
/* End PBXSourcesBuildPhase section */

/* Begin PBXTargetDependency section */
		AB173B6B1F2B22760015AC7B /* PBXTargetDependency */ = {
			isa = PBXTargetDependency;
			target = AB173B4F1F2B22750015AC7B /* AVPlayerDemo */;
			targetProxy = AB173B6A1F2B22760015AC7B /* PBXContainerItemProxy */;
		};
		AB173B761F2B22760015AC7B /* PBXTargetDependency */ = {
			isa = PBXTargetDependency;
			target = AB173B4F1F2B22750015AC7B /* AVPlayerDemo */;
			targetProxy = AB173B751F2B22760015AC7B /* PBXContainerItemProxy */;
		};
/* End PBXTargetDependency section */

/* Begin PBXVariantGroup section */
		AB173B5C1F2B22760015AC7B /* Main.storyboard */ = {
			isa = PBXVariantGroup;
			children = (
				AB173B5D1F2B22760015AC7B /* Base */,
			);
			name = Main.storyboard;
			sourceTree = "<group>";
		};
		AB173B611F2B22760015AC7B /* LaunchScreen.storyboard */ = {
			isa = PBXVariantGroup;
			children = (
				AB173B621F2B22760015AC7B /* Base */,
			);
			name = LaunchScreen.storyboard;
			sourceTree = "<group>";
		};
/* End PBXVariantGroup section */

/* Begin XCBuildConfiguration section */
		AB173B7B1F2B22760015AC7B /* Debug */ = {
			isa = XCBuildConfiguration;
			buildSettings = {
				ALWAYS_SEARCH_USER_PATHS = NO;
				CLANG_ANALYZER_NONNULL = YES;
				CLANG_CXX_LANGUAGE_STANDARD = "gnu++0x";
				CLANG_CXX_LIBRARY = "libc++";
				CLANG_ENABLE_MODULES = YES;
				CLANG_ENABLE_OBJC_ARC = YES;
				CLANG_WARN_BOOL_CONVERSION = YES;
				CLANG_WARN_CONSTANT_CONVERSION = YES;
				CLANG_WARN_DIRECT_OBJC_ISA_USAGE = YES_ERROR;
				CLANG_WARN_DOCUMENTATION_COMMENTS = YES;
				CLANG_WARN_EMPTY_BODY = YES;
				CLANG_WARN_ENUM_CONVERSION = YES;
				CLANG_WARN_INFINITE_RECURSION = YES;
				CLANG_WARN_INT_CONVERSION = YES;
				CLANG_WARN_OBJC_ROOT_CLASS = YES_ERROR;
				CLANG_WARN_SUSPICIOUS_MOVES = YES;
				CLANG_WARN_UNREACHABLE_CODE = YES;
				CLANG_WARN__DUPLICATE_METHOD_MATCH = YES;
				"CODE_SIGN_IDENTITY[sdk=iphoneos*]" = "iPhone Developer";
				COPY_PHASE_STRIP = NO;
				DEBUG_INFORMATION_FORMAT = dwarf;
				ENABLE_STRICT_OBJC_MSGSEND = YES;
				ENABLE_TESTABILITY = YES;
				GCC_C_LANGUAGE_STANDARD = gnu99;
				GCC_DYNAMIC_NO_PIC = NO;
				GCC_NO_COMMON_BLOCKS = YES;
				GCC_OPTIMIZATION_LEVEL = 0;
				GCC_PREPROCESSOR_DEFINITIONS = (
					"DEBUG=1",
					"$(inherited)",
				);
				GCC_WARN_64_TO_32_BIT_CONVERSION = YES;
				GCC_WARN_ABOUT_RETURN_TYPE = YES_ERROR;
				GCC_WARN_UNDECLARED_SELECTOR = YES;
				GCC_WARN_UNINITIALIZED_AUTOS = YES_AGGRESSIVE;
				GCC_WARN_UNUSED_FUNCTION = YES;
				GCC_WARN_UNUSED_VARIABLE = YES;
				IPHONEOS_DEPLOYMENT_TARGET = 10.1;
				MTL_ENABLE_DEBUG_INFO = YES;
				ONLY_ACTIVE_ARCH = YES;
				SDKROOT = iphoneos;
			};
			name = Debug;
		};
		AB173B7C1F2B22760015AC7B /* Release */ = {
			isa = XCBuildConfiguration;
			buildSettings = {
				ALWAYS_SEARCH_USER_PATHS = NO;
				CLANG_ANALYZER_NONNULL = YES;
				CLANG_CXX_LANGUAGE_STANDARD = "gnu++0x";
				CLANG_CXX_LIBRARY = "libc++";
				CLANG_ENABLE_MODULES = YES;
				CLANG_ENABLE_OBJC_ARC = YES;
				CLANG_WARN_BOOL_CONVERSION = YES;
				CLANG_WARN_CONSTANT_CONVERSION = YES;
				CLANG_WARN_DIRECT_OBJC_ISA_USAGE = YES_ERROR;
				CLANG_WARN_DOCUMENTATION_COMMENTS = YES;
				CLANG_WARN_EMPTY_BODY = YES;
				CLANG_WARN_ENUM_CONVERSION = YES;
				CLANG_WARN_INFINITE_RECURSION = YES;
				CLANG_WARN_INT_CONVERSION = YES;
				CLANG_WARN_OBJC_ROOT_CLASS = YES_ERROR;
				CLANG_WARN_SUSPICIOUS_MOVES = YES;
				CLANG_WARN_UNREACHABLE_CODE = YES;
				CLANG_WARN__DUPLICATE_METHOD_MATCH = YES;
				"CODE_SIGN_IDENTITY[sdk=iphoneos*]" = "iPhone Developer";
				COPY_PHASE_STRIP = NO;
				DEBUG_INFORMATION_FORMAT = "dwarf-with-dsym";
				ENABLE_NS_ASSERTIONS = NO;
				ENABLE_STRICT_OBJC_MSGSEND = YES;
				GCC_C_LANGUAGE_STANDARD = gnu99;
				GCC_NO_COMMON_BLOCKS = YES;
				GCC_WARN_64_TO_32_BIT_CONVERSION = YES;
				GCC_WARN_ABOUT_RETURN_TYPE = YES_ERROR;
				GCC_WARN_UNDECLARED_SELECTOR = YES;
				GCC_WARN_UNINITIALIZED_AUTOS = YES_AGGRESSIVE;
				GCC_WARN_UNUSED_FUNCTION = YES;
				GCC_WARN_UNUSED_VARIABLE = YES;
				IPHONEOS_DEPLOYMENT_TARGET = 10.1;
				MTL_ENABLE_DEBUG_INFO = NO;
				SDKROOT = iphoneos;
				VALIDATE_PRODUCT = YES;
			};
			name = Release;
		};
		AB173B7E1F2B22760015AC7B /* Debug */ = {
			isa = XCBuildConfiguration;
			buildSettings = {
				ASSETCATALOG_COMPILER_APPICON_NAME = AppIcon;
				DEVELOPMENT_TEAM = D8CRHWZGZ3;
				INFOPLIST_FILE = AVPlayerDemo/Info.plist;
				IPHONEOS_DEPLOYMENT_TARGET = 9.0;
				LD_RUNPATH_SEARCH_PATHS = "$(inherited) @executable_path/Frameworks";
				PRODUCT_BUNDLE_IDENTIFIER = com.jzjz.lizhongfei.avplayer.AVPlayerDemo;
				PRODUCT_NAME = "$(TARGET_NAME)";
			};
			name = Debug;
		};
		AB173B7F1F2B22760015AC7B /* Release */ = {
			isa = XCBuildConfiguration;
			buildSettings = {
				ASSETCATALOG_COMPILER_APPICON_NAME = AppIcon;
				DEVELOPMENT_TEAM = D8CRHWZGZ3;
				INFOPLIST_FILE = AVPlayerDemo/Info.plist;
				IPHONEOS_DEPLOYMENT_TARGET = 9.0;
				LD_RUNPATH_SEARCH_PATHS = "$(inherited) @executable_path/Frameworks";
				PRODUCT_BUNDLE_IDENTIFIER = com.jzjz.lizhongfei.avplayer.AVPlayerDemo;
				PRODUCT_NAME = "$(TARGET_NAME)";
			};
			name = Release;
		};
		AB173B811F2B22760015AC7B /* Debug */ = {
			isa = XCBuildConfiguration;
			buildSettings = {
				BUNDLE_LOADER = "$(TEST_HOST)";
				DEVELOPMENT_TEAM = D8CRHWZGZ3;
				INFOPLIST_FILE = AVPlayerDemoTests/Info.plist;
				LD_RUNPATH_SEARCH_PATHS = "$(inherited) @executable_path/Frameworks @loader_path/Frameworks";
				PRODUCT_BUNDLE_IDENTIFIER = com.jzjz.lizhongfei.avplayer.AVPlayerDemoTests;
				PRODUCT_NAME = "$(TARGET_NAME)";
				TEST_HOST = "$(BUILT_PRODUCTS_DIR)/AVPlayerDemo.app/AVPlayerDemo";
			};
			name = Debug;
		};
		AB173B821F2B22760015AC7B /* Release */ = {
			isa = XCBuildConfiguration;
			buildSettings = {
				BUNDLE_LOADER = "$(TEST_HOST)";
				DEVELOPMENT_TEAM = D8CRHWZGZ3;
				INFOPLIST_FILE = AVPlayerDemoTests/Info.plist;
				LD_RUNPATH_SEARCH_PATHS = "$(inherited) @executable_path/Frameworks @loader_path/Frameworks";
				PRODUCT_BUNDLE_IDENTIFIER = com.jzjz.lizhongfei.avplayer.AVPlayerDemoTests;
				PRODUCT_NAME = "$(TARGET_NAME)";
				TEST_HOST = "$(BUILT_PRODUCTS_DIR)/AVPlayerDemo.app/AVPlayerDemo";
			};
			name = Release;
		};
		AB173B841F2B22760015AC7B /* Debug */ = {
			isa = XCBuildConfiguration;
			buildSettings = {
				DEVELOPMENT_TEAM = D8CRHWZGZ3;
				INFOPLIST_FILE = AVPlayerDemoUITests/Info.plist;
				LD_RUNPATH_SEARCH_PATHS = "$(inherited) @executable_path/Frameworks @loader_path/Frameworks";
				PRODUCT_BUNDLE_IDENTIFIER = com.jzjz.lizhongfei.avplayer.AVPlayerDemoUITests;
				PRODUCT_NAME = "$(TARGET_NAME)";
				TEST_TARGET_NAME = AVPlayerDemo;
			};
			name = Debug;
		};
		AB173B851F2B22760015AC7B /* Release */ = {
			isa = XCBuildConfiguration;
			buildSettings = {
				DEVELOPMENT_TEAM = D8CRHWZGZ3;
				INFOPLIST_FILE = AVPlayerDemoUITests/Info.plist;
				LD_RUNPATH_SEARCH_PATHS = "$(inherited) @executable_path/Frameworks @loader_path/Frameworks";
				PRODUCT_BUNDLE_IDENTIFIER = com.jzjz.lizhongfei.avplayer.AVPlayerDemoUITests;
				PRODUCT_NAME = "$(TARGET_NAME)";
				TEST_TARGET_NAME = AVPlayerDemo;
			};
			name = Release;
		};
/* End XCBuildConfiguration section */

/* Begin XCConfigurationList section */
		AB173B4B1F2B22750015AC7B /* Build configuration list for PBXProject "AVPlayerDemo" */ = {
			isa = XCConfigurationList;
			buildConfigurations = (
				AB173B7B1F2B22760015AC7B /* Debug */,
				AB173B7C1F2B22760015AC7B /* Release */,
			);
			defaultConfigurationIsVisible = 0;
			defaultConfigurationName = Release;
		};
		AB173B7D1F2B22760015AC7B /* Build configuration list for PBXNativeTarget "AVPlayerDemo" */ = {
			isa = XCConfigurationList;
			buildConfigurations = (
				AB173B7E1F2B22760015AC7B /* Debug */,
				AB173B7F1F2B22760015AC7B /* Release */,
			);
			defaultConfigurationIsVisible = 0;
		};
		AB173B801F2B22760015AC7B /* Build configuration list for PBXNativeTarget "AVPlayerDemoTests" */ = {
			isa = XCConfigurationList;
			buildConfigurations = (
				AB173B811F2B22760015AC7B /* Debug */,
				AB173B821F2B22760015AC7B /* Release */,
			);
			defaultConfigurationIsVisible = 0;
		};
		AB173B831F2B22760015AC7B /* Build configuration list for PBXNativeTarget "AVPlayerDemoUITests" */ = {
			isa = XCConfigurationList;
			buildConfigurations = (
				AB173B841F2B22760015AC7B /* Debug */,
				AB173B851F2B22760015AC7B /* Release */,
			);
			defaultConfigurationIsVisible = 0;
		};
/* End XCConfigurationList section */
	};
	rootObject = AB173B481F2B22750015AC7B /* Project object */;
}
